
Microsoft Visual Studio Solution File, Format Version 12.00
# Visual Studio Version 17
VisualStudioVersion = 17.5.33516.290
MinimumVisualStudioVersion = 10.0.40219.1
Project("{FAE04EC0-301F-11D3-BF4B-00C04F79EFBC}") = "HelloDevOpsGit", "HelloDevOpsGit\HelloDevOpsGit.csproj", "{92895780-4328-47A4-AB6C-A701E4CDEBE5}"
EndProject
Global
	GlobalSection(SolutionConfigurationPlatforms) = preSolution
		Debug|Any CPU = Debug|Any CPU
		Release|Any CPU = Release|Any CPU
	EndGlobalSection
	GlobalSection(ProjectConfigurationPlatforms) = postSolution
		{92895780-4328-47A4-AB6C-A701E4CDEBE5}.Debug|Any CPU.ActiveCfg = Debug|Any CPU
		{92895780-4328-47A4-AB6C-A701E4CDEBE5}.Debug|Any CPU.Build.0 = Debug|Any CPU
		{92895780-4328-47A4-AB6C-A701E4CDEBE5}.Release|Any CPU.ActiveCfg = Release|Any CPU
		{92895780-4328-47A4-AB6C-A701E4CDEBE5}.Release|Any CPU.Build.0 = Release|Any CPU
	EndGlobalSection
	GlobalSection(SolutionProperties) = preSolution
		HideSolutionNode = FALSE
	EndGlobalSection
	GlobalSection(ExtensibilityGlobals) = postSolution
		SolutionGuid = {DFF30732-B609-4404-9C2A-38C77660F47E}
	EndGlobalSection
EndGlobal
